
Microsoft Visual Studio Solution File, Format Version 12.00
# Visual Studio Version 17
VisualStudioVersion = 17.1.32210.238
MinimumVisualStudioVersion = 10.0.40219.1
Project("{FAE04EC0-301F-11D3-BF4B-00C04F79EFBC}") = "FirstMVCWebApplication", "FirstMVCWebApplication.csproj", "{31440AAD-2D6A-4261-9661-0E9C50A89FEC}"
EndProject
Global
	GlobalSection(SolutionConfigurationPlatforms) = preSolution
		Debug|Any CPU = Debug|Any CPU
		Release|Any CPU = Release|Any CPU
	EndGlobalSection
	GlobalSection(ProjectConfigurationPlatforms) = postSolution
		{31440AAD-2D6A-4261-9661-0E9C50A89FEC}.Debug|Any CPU.ActiveCfg = Debug|Any CPU
		{31440AAD-2D6A-4261-9661-0E9C50A89FEC}.Debug|Any CPU.Build.0 = Debug|Any CPU
		{31440AAD-2D6A-4261-9661-0E9C50A89FEC}.Release|Any CPU.ActiveCfg = Release|Any CPU
		{31440AAD-2D6A-4261-9661-0E9C50A89FEC}.Release|Any CPU.Build.0 = Release|Any CPU
	EndGlobalSection
	GlobalSection(SolutionProperties) = preSolution
		HideSolutionNode = FALSE
	EndGlobalSection
	GlobalSection(ExtensibilityGlobals) = postSolution
		SolutionGuid = {F509BEC8-6A5F-462B-8D8E-51654C48E86E}
	EndGlobalSection
EndGlobal
